github.com/nicksnyder/go-i18n/v2 v2.4.1 h1:zwzjtX4uYyiaU02K5Ia3zSkpJZrByARkRB4V3YPrr0g=
github.com/nicksnyder/go-i18n/v2 v2.4.1/go.mod h1:++Pl70FR6Cki7hdzZRnEEqdc2dJt+SAGotyFg/SvZMk=
golang.org/x/text v0.19.0 h1:kTxAhCbGbxhK0IwgSKiMO5awPoDQ0RpfiVYBfK860YM=
golang.org/x/text v0.19.0/go.mod h1:BuEKDfySbSR4drPmRPG/7iBdf8hvFMuRexcpahXilzY=
